
Microsoft Visual Studio Solution File, Format Version 12.00
# Visual Studio Version 16
VisualStudioVersion = 16.0.31624.102
MinimumVisualStudioVersion = 10.0.40219.1
Project("{9A19103F-16F7-4668-BE54-9A1E7A4F7556}") = "ZealandMarketPlace", "ZealandMarketPlace\ZealandMarketPlace.csproj", "{EFFD0C15-EF7F-4053-803A-A10D62CFFC3E}"
EndProject
Project("{FAE04EC0-301F-11D3-BF4B-00C04F79EFBC}") = "MarketplaceUnitTests", "MarketplaceUnitTests\MarketplaceUnitTests.csproj", "{2F1CB6AA-0A12-4CD5-A461-35EC1636A350}"
EndProject
Global
	GlobalSection(SolutionConfigurationPlatforms) = preSolution
		Debug|Any CPU = Debug|Any CPU
		Release|Any CPU = Release|Any CPU
	EndGlobalSection
	GlobalSection(ProjectConfigurationPlatforms) = postSolution
		{EFFD0C15-EF7F-4053-803A-A10D62CFFC3E}.Debug|Any CPU.ActiveCfg = Debug|Any CPU
		{EFFD0C15-EF7F-4053-803A-A10D62CFFC3E}.Debug|Any CPU.Build.0 = Debug|Any CPU
		{EFFD0C15-EF7F-4053-803A-A10D62CFFC3E}.Release|Any CPU.ActiveCfg = Release|Any CPU
		{EFFD0C15-EF7F-4053-803A-A10D62CFFC3E}.Release|Any CPU.Build.0 = Release|Any CPU
		{2F1CB6AA-0A12-4CD5-A461-35EC1636A350}.Debug|Any CPU.ActiveCfg = Debug|Any CPU
		{2F1CB6AA-0A12-4CD5-A461-35EC1636A350}.Debug|Any CPU.Build.0 = Debug|Any CPU
		{2F1CB6AA-0A12-4CD5-A461-35EC1636A350}.Release|Any CPU.ActiveCfg = Release|Any CPU
		{2F1CB6AA-0A12-4CD5-A461-35EC1636A350}.Release|Any CPU.Build.0 = Release|Any CPU
	EndGlobalSection
	GlobalSection(SolutionProperties) = preSolution
		HideSolutionNode = FALSE
	EndGlobalSection
	GlobalSection(ExtensibilityGlobals) = postSolution
		SolutionGuid = {808A71FC-ABF0-4EAF-81D3-484A784B1F2A}
	EndGlobalSection
EndGlobal
